
Microsoft Visual Studio Solution File, Format Version 12.00
# Visual Studio Version 17
VisualStudioVersion = 17.7.34018.315
MinimumVisualStudioVersion = 10.0.40219.1
Project("{FAE04EC0-301F-11D3-BF4B-00C04F79EFBC}") = "RegistroPrioridad2", "RegistroPrioridad2.csproj", "{A9463BC2-CC81-4B01-A6C6-727F0C989AA8}"
EndProject
Global
	GlobalSection(SolutionConfigurationPlatforms) = preSolution
		Debug|Any CPU = Debug|Any CPU
		Release|Any CPU = Release|Any CPU
	EndGlobalSection
	GlobalSection(ProjectConfigurationPlatforms) = postSolution
		{A9463BC2-CC81-4B01-A6C6-727F0C989AA8}.Debug|Any CPU.ActiveCfg = Debug|Any CPU
		{A9463BC2-CC81-4B01-A6C6-727F0C989AA8}.Debug|Any CPU.Build.0 = Debug|Any CPU
		{A9463BC2-CC81-4B01-A6C6-727F0C989AA8}.Release|Any CPU.ActiveCfg = Release|Any CPU
		{A9463BC2-CC81-4B01-A6C6-727F0C989AA8}.Release|Any CPU.Build.0 = Release|Any CPU
	EndGlobalSection
	GlobalSection(SolutionProperties) = preSolution
		HideSolutionNode = FALSE
	EndGlobalSection
	GlobalSection(ExtensibilityGlobals) = postSolution
		SolutionGuid = {86CC2ED7-3893-4AF9-9A24-A68219E6EC4D}
	EndGlobalSection
EndGlobal
